// !$*UTF8*$!
{
	archiveVersion = 1;
	classes = {
	};
	objectVersion = 50;
	objects = {

/* Begin PBXBuildFile section */
		B101622B21FECC1D009A2AD3 /* ListOrdersPresenter.swift in Sources */ = {isa = PBXBuildFile; fileRef = B101622521FECC1D009A2AD3 /* ListOrdersPresenter.swift */; };
		B101622D21FECC1D009A2AD3 /* ListOrdersRouter.swift in Sources */ = {isa = PBXBuildFile; fileRef = B101622721FECC1D009A2AD3 /* ListOrdersRouter.swift */; };
		B101622E21FECC1D009A2AD3 /* ListOrdersModels.swift in Sources */ = {isa = PBXBuildFile; fileRef = B101622821FECC1D009A2AD3 /* ListOrdersModels.swift */; };
		B101622F21FECC1D009A2AD3 /* ListOrdersViewController.swift in Sources */ = {isa = PBXBuildFile; fileRef = B101622921FECC1D009A2AD3 /* ListOrdersViewController.swift */; };
		B101623021FECC1D009A2AD3 /* ListOrdersInteractor.swift in Sources */ = {isa = PBXBuildFile; fileRef = B101622A21FECC1D009A2AD3 /* ListOrdersInteractor.swift */; };
		B10FFA8B21FC3BAA007F9E4E /* CreateOrderPresenter.swift in Sources */ = {isa = PBXBuildFile; fileRef = B10FFA8521FC3BAA007F9E4E /* CreateOrderPresenter.swift */; };
		B10FFA8D21FC3BAA007F9E4E /* CreateOrderRouter.swift in Sources */ = {isa = PBXBuildFile; fileRef = B10FFA8721FC3BAA007F9E4E /* CreateOrderRouter.swift */; };
		B10FFA8E21FC3BAA007F9E4E /* CreateOrderModels.swift in Sources */ = {isa = PBXBuildFile; fileRef = B10FFA8821FC3BAA007F9E4E /* CreateOrderModels.swift */; };
		B10FFA8F21FC3BAA007F9E4E /* CreateOrderViewController.swift in Sources */ = {isa = PBXBuildFile; fileRef = B10FFA8921FC3BAA007F9E4E /* CreateOrderViewController.swift */; };
		B10FFA9021FC3BAA007F9E4E /* CreateOrderInteractor.swift in Sources */ = {isa = PBXBuildFile; fileRef = B10FFA8A21FC3BAA007F9E4E /* CreateOrderInteractor.swift */; };
		B10FFA9221FE9CDD007F9E4E /* Main.storyboard in Resources */ = {isa = PBXBuildFile; fileRef = B10FFA9121FE9CDD007F9E4E /* Main.storyboard */; };
		B12FC924217D875E00654829 /* AppDelegate.swift in Sources */ = {isa = PBXBuildFile; fileRef = B12FC923217D875E00654829 /* AppDelegate.swift */; };
		B12FC92B217D876000654829 /* Assets.xcassets in Resources */ = {isa = PBXBuildFile; fileRef = B12FC92A217D876000654829 /* Assets.xcassets */; };
		B12FC92E217D876000654829 /* LaunchScreen.storyboard in Resources */ = {isa = PBXBuildFile; fileRef = B12FC92C217D876000654829 /* LaunchScreen.storyboard */; };
		B12FC939217D876000654829 /* CleanStoreTests.swift in Sources */ = {isa = PBXBuildFile; fileRef = B12FC938217D876000654829 /* CleanStoreTests.swift */; };
		F6BE8FC4220900FF006E9322 /* Order.swift in Sources */ = {isa = PBXBuildFile; fileRef = F6BE8FC3220900FF006E9322 /* Order.swift */; };
		F6BE8FC822090259006E9322 /* OrdersWorker.swift in Sources */ = {isa = PBXBuildFile; fileRef = F6BE8FC722090259006E9322 /* OrdersWorker.swift */; };
		F6BE8FCA220905F4006E9322 /* OrdersMemStore.swift in Sources */ = {isa = PBXBuildFile; fileRef = F6BE8FC9220905F4006E9322 /* OrdersMemStore.swift */; };
/* End PBXBuildFile section */

/* Begin PBXContainerItemProxy section */
		B12FC935217D876000654829 /* PBXContainerItemProxy */ = {
			isa = PBXContainerItemProxy;
			containerPortal = B12FC918217D875E00654829 /* Project object */;
			proxyType = 1;
			remoteGlobalIDString = B12FC91F217D875E00654829;
			remoteInfo = CleanStore;
		};
/* End PBXContainerItemProxy section */

/* Begin PBXFileReference section */
		B101622521FECC1D009A2AD3 /* ListOrdersPresenter.swift */ = {isa = PBXFileReference; lastKnownFileType = sourcecode.swift; path = ListOrdersPresenter.swift; sourceTree = "<group>"; };
		B101622721FECC1D009A2AD3 /* ListOrdersRouter.swift */ = {isa = PBXFileReference; lastKnownFileType = sourcecode.swift; path = ListOrdersRouter.swift; sourceTree = "<group>"; };
		B101622821FECC1D009A2AD3 /* ListOrdersModels.swift */ = {isa = PBXFileReference; lastKnownFileType = sourcecode.swift; path = ListOrdersModels.swift; sourceTree = "<group>"; };
		B101622921FECC1D009A2AD3 /* ListOrdersViewController.swift */ = {isa = PBXFileReference; lastKnownFileType = sourcecode.swift; path = ListOrdersViewController.swift; sourceTree = "<group>"; };
		B101622A21FECC1D009A2AD3 /* ListOrdersInteractor.swift */ = {isa = PBXFileReference; lastKnownFileType = sourcecode.swift; path = ListOrdersInteractor.swift; sourceTree = "<group>"; };
		B10FFA8521FC3BAA007F9E4E /* CreateOrderPresenter.swift */ = {isa = PBXFileReference; lastKnownFileType = sourcecode.swift; path = CreateOrderPresenter.swift; sourceTree = "<group>"; };
		B10FFA8721FC3BAA007F9E4E /* CreateOrderRouter.swift */ = {isa = PBXFileReference; lastKnownFileType = sourcecode.swift; path = CreateOrderRouter.swift; sourceTree = "<group>"; };
		B10FFA8821FC3BAA007F9E4E /* CreateOrderModels.swift */ = {isa = PBXFileReference; lastKnownFileType = sourcecode.swift; path = CreateOrderModels.swift; sourceTree = "<group>"; };
		B10FFA8921FC3BAA007F9E4E /* CreateOrderViewController.swift */ = {isa = PBXFileReference; indentWidth = 2; lastKnownFileType = sourcecode.swift; path = CreateOrderViewController.swift; sourceTree = "<group>"; tabWidth = 2; usesTabs = 0; };
		B10FFA8A21FC3BAA007F9E4E /* CreateOrderInteractor.swift */ = {isa = PBXFileReference; lastKnownFileType = sourcecode.swift; path = CreateOrderInteractor.swift; sourceTree = "<group>"; };
		B10FFA9121FE9CDD007F9E4E /* Main.storyboard */ = {isa = PBXFileReference; lastKnownFileType = file.storyboard; path = Main.storyboard; sourceTree = "<group>"; };
		B12FC920217D875E00654829 /* CleanStore.app */ = {isa = PBXFileReference; explicitFileType = wrapper.application; includeInIndex = 0; path = CleanStore.app; sourceTree = BUILT_PRODUCTS_DIR; };
		B12FC923217D875E00654829 /* AppDelegate.swift */ = {isa = PBXFileReference; lastKnownFileType = sourcecode.swift; path = AppDelegate.swift; sourceTree = "<group>"; };
		B12FC92A217D876000654829 /* Assets.xcassets */ = {isa = PBXFileReference; lastKnownFileType = folder.assetcatalog; path = Assets.xcassets; sourceTree = "<group>"; };
		B12FC92D217D876000654829 /* Base */ = {isa = PBXFileReference; lastKnownFileType = file.storyboard; name = Base; path = Base.lproj/LaunchScreen.storyboard; sourceTree = "<group>"; };
		B12FC92F217D876000654829 /* Info.plist */ = {isa = PBXFileReference; lastKnownFileType = text.plist.xml; path = Info.plist; sourceTree = "<group>"; };
		B12FC934217D876000654829 /* CleanStoreTests.xctest */ = {isa = PBXFileReference; explicitFileType = wrapper.cfbundle; includeInIndex = 0; path = CleanStoreTests.xctest; sourceTree = BUILT_PRODUCTS_DIR; };
		B12FC938217D876000654829 /* CleanStoreTests.swift */ = {isa = PBXFileReference; lastKnownFileType = sourcecode.swift; path = CleanStoreTests.swift; sourceTree = "<group>"; };
		B12FC93A217D876000654829 /* Info.plist */ = {isa = PBXFileReference; lastKnownFileType = text.plist.xml; path = Info.plist; sourceTree = "<group>"; };
		F6BE8FC3220900FF006E9322 /* Order.swift */ = {isa = PBXFileReference; lastKnownFileType = sourcecode.swift; path = Order.swift; sourceTree = "<group>"; };
		F6BE8FC722090259006E9322 /* OrdersWorker.swift */ = {isa = PBXFileReference; lastKnownFileType = sourcecode.swift; path = OrdersWorker.swift; sourceTree = "<group>"; };
		F6BE8FC9220905F4006E9322 /* OrdersMemStore.swift */ = {isa = PBXFileReference; lastKnownFileType = sourcecode.swift; path = OrdersMemStore.swift; sourceTree = "<group>"; };
/* End PBXFileReference section */

/* Begin PBXFrameworksBuildPhase section */
		B12FC91D217D875E00654829 /* Frameworks */ = {
			isa = PBXFrameworksBuildPhase;
			buildActionMask = 2147483647;
			files = (
			);
			runOnlyForDeploymentPostprocessing = 0;
		};
		B12FC931217D876000654829 /* Frameworks */ = {
			isa = PBXFrameworksBuildPhase;
			buildActionMask = 2147483647;
			files = (
			);
			runOnlyForDeploymentPostprocessing = 0;
		};
/* End PBXFrameworksBuildPhase section */

/* Begin PBXGroup section */
		B101622421FECBFD009A2AD3 /* ListOrders */ = {
			isa = PBXGroup;
			children = (
				B101622521FECC1D009A2AD3 /* ListOrdersPresenter.swift */,
				B101622721FECC1D009A2AD3 /* ListOrdersRouter.swift */,
				B101622821FECC1D009A2AD3 /* ListOrdersModels.swift */,
				B101622921FECC1D009A2AD3 /* ListOrdersViewController.swift */,
				B101622A21FECC1D009A2AD3 /* ListOrdersInteractor.swift */,
			);
			path = ListOrders;
			sourceTree = "<group>";
		};
		B12FC917217D875E00654829 = {
			isa = PBXGroup;
			children = (
				B12FC922217D875E00654829 /* CleanStore */,
				B12FC937217D876000654829 /* CleanStoreTests */,
				B12FC921217D875E00654829 /* Products */,
			);
			sourceTree = "<group>";
		};
		B12FC921217D875E00654829 /* Products */ = {
			isa = PBXGroup;
			children = (
				B12FC920217D875E00654829 /* CleanStore.app */,
				B12FC934217D876000654829 /* CleanStoreTests.xctest */,
			);
			name = Products;
			sourceTree = "<group>";
		};
		B12FC922217D875E00654829 /* CleanStore */ = {
			isa = PBXGroup;
			children = (
				B12FC943217D87AD00654829 /* Supporting Files */,
				B12FC944217D884B00654829 /* Scenes */,
				F6BE8FC622090214006E9322 /* Models */,
				F6BE8FC22208FEAE006E9322 /* Workers */,
				F6BE8FC522090175006E9322 /* Services */,
			);
			path = CleanStore;
			sourceTree = "<group>";
		};
		B12FC937217D876000654829 /* CleanStoreTests */ = {
			isa = PBXGroup;
			children = (
				B12FC938217D876000654829 /* CleanStoreTests.swift */,
				B12FC93A217D876000654829 /* Info.plist */,
			);
			path = CleanStoreTests;
			sourceTree = "<group>";
		};
		B12FC943217D87AD00654829 /* Supporting Files */ = {
			isa = PBXGroup;
			children = (
				B12FC923217D875E00654829 /* AppDelegate.swift */,
				B12FC92A217D876000654829 /* Assets.xcassets */,
				B12FC92C217D876000654829 /* LaunchScreen.storyboard */,
				B12FC92F217D876000654829 /* Info.plist */,
			);
			path = "Supporting Files";
			sourceTree = "<group>";
		};
		B12FC944217D884B00654829 /* Scenes */ = {
			isa = PBXGroup;
			children = (
				B10FFA9121FE9CDD007F9E4E /* Main.storyboard */,
				B12FC945217D895F00654829 /* CreateOrder */,
				B101622421FECBFD009A2AD3 /* ListOrders */,
			);
			path = Scenes;
			sourceTree = "<group>";
		};
		B12FC945217D895F00654829 /* CreateOrder */ = {
			isa = PBXGroup;
			children = (
				B10FFA8521FC3BAA007F9E4E /* CreateOrderPresenter.swift */,
				B10FFA8721FC3BAA007F9E4E /* CreateOrderRouter.swift */,
				B10FFA8821FC3BAA007F9E4E /* CreateOrderModels.swift */,
				B10FFA8921FC3BAA007F9E4E /* CreateOrderViewController.swift */,
				B10FFA8A21FC3BAA007F9E4E /* CreateOrderInteractor.swift */,
			);
			path = CreateOrder;
			sourceTree = "<group>";
		};
		F6BE8FC22208FEAE006E9322 /* Workers */ = {
			isa = PBXGroup;
			children = (
				F6BE8FC722090259006E9322 /* OrdersWorker.swift */,
			);
			path = Workers;
			sourceTree = "<group>";
		};
		F6BE8FC522090175006E9322 /* Services */ = {
			isa = PBXGroup;
			children = (
				F6BE8FC9220905F4006E9322 /* OrdersMemStore.swift */,
			);
			path = Services;
			sourceTree = "<group>";
		};
		F6BE8FC622090214006E9322 /* Models */ = {
			isa = PBXGroup;
			children = (
				F6BE8FC3220900FF006E9322 /* Order.swift */,
			);
			path = Models;
			sourceTree = "<group>";
		};
/* End PBXGroup section */

/* Begin PBXNativeTarget section */
		B12FC91F217D875E00654829 /* CleanStore */ = {
			isa = PBXNativeTarget;
			buildConfigurationList = B12FC93D217D876000654829 /* Build configuration list for PBXNativeTarget "CleanStore" */;
			buildPhases = (
				B12FC91C217D875E00654829 /* Sources */,
				B12FC91D217D875E00654829 /* Frameworks */,
				B12FC91E217D875E00654829 /* Resources */,
			);
			buildRules = (
			);
			dependencies = (
			);
			name = CleanStore;
			productName = CleanStore;
			productReference = B12FC920217D875E00654829 /* CleanStore.app */;
			productType = "com.apple.product-type.application";
		};
		B12FC933217D876000654829 /* CleanStoreTests */ = {
			isa = PBXNativeTarget;
			buildConfigurationList = B12FC940217D876000654829 /* Build configuration list for PBXNativeTarget "CleanStoreTests" */;
			buildPhases = (
				B12FC930217D876000654829 /* Sources */,
				B12FC931217D876000654829 /* Frameworks */,
				B12FC932217D876000654829 /* Resources */,
			);
			buildRules = (
			);
			dependencies = (
				B12FC936217D876000654829 /* PBXTargetDependency */,
			);
			name = CleanStoreTests;
			productName = CleanStoreTests;
			productReference = B12FC934217D876000654829 /* CleanStoreTests.xctest */;
			productType = "com.apple.product-type.bundle.unit-test";
		};
/* End PBXNativeTarget section */

/* Begin PBXProject section */
		B12FC918217D875E00654829 /* Project object */ = {
			isa = PBXProject;
			attributes = {
				LastSwiftUpdateCheck = 1000;
				LastUpgradeCheck = 1000;
				ORGANIZATIONNAME = "Yingzheng Ma";
				TargetAttributes = {
					B12FC91F217D875E00654829 = {
						CreatedOnToolsVersion = 10.0;
					};
					B12FC933217D876000654829 = {
						CreatedOnToolsVersion = 10.0;
						TestTargetID = B12FC91F217D875E00654829;
					};
				};
			};
			buildConfigurationList = B12FC91B217D875E00654829 /* Build configuration list for PBXProject "CleanStore" */;
			compatibilityVersion = "Xcode 9.3";
			developmentRegion = en;
			hasScannedForEncodings = 0;
			knownRegions = (
				en,
				Base,
			);
			mainGroup = B12FC917217D875E00654829;
			productRefGroup = B12FC921217D875E00654829 /* Products */;
			projectDirPath = "";
			projectRoot = "";
			targets = (
				B12FC91F217D875E00654829 /* CleanStore */,
				B12FC933217D876000654829 /* CleanStoreTests */,
			);
		};
/* End PBXProject section */

/* Begin PBXResourcesBuildPhase section */
		B12FC91E217D875E00654829 /* Resources */ = {
			isa = PBXResourcesBuildPhase;
			buildActionMask = 2147483647;
			files = (
				B10FFA9221FE9CDD007F9E4E /* Main.storyboard in Resources */,
				B12FC92E217D876000654829 /* LaunchScreen.storyboard in Resources */,
				B12FC92B217D876000654829 /* Assets.xcassets in Resources */,
			);
			runOnlyForDeploymentPostprocessing = 0;
		};
		B12FC932217D876000654829 /* Resources */ = {
			isa = PBXResourcesBuildPhase;
			buildActionMask = 2147483647;
			files = (
			);
			runOnlyForDeploymentPostprocessing = 0;
		};
/* End PBXResourcesBuildPhase section */

/* Begin PBXSourcesBuildPhase section */
		B12FC91C217D875E00654829 /* Sources */ = {
			isa = PBXSourcesBuildPhase;
			buildActionMask = 2147483647;
			files = (
				B101623021FECC1D009A2AD3 /* ListOrdersInteractor.swift in Sources */,
				B12FC924217D875E00654829 /* AppDelegate.swift in Sources */,
				F6BE8FCA220905F4006E9322 /* OrdersMemStore.swift in Sources */,
				B10FFA8F21FC3BAA007F9E4E /* CreateOrderViewController.swift in Sources */,
				F6BE8FC822090259006E9322 /* OrdersWorker.swift in Sources */,
				B101622E21FECC1D009A2AD3 /* ListOrdersModels.swift in Sources */,
				B101622F21FECC1D009A2AD3 /* ListOrdersViewController.swift in Sources */,
				F6BE8FC4220900FF006E9322 /* Order.swift in Sources */,
				B10FFA8E21FC3BAA007F9E4E /* CreateOrderModels.swift in Sources */,
				B10FFA8B21FC3BAA007F9E4E /* CreateOrderPresenter.swift in Sources */,
				B10FFA8D21FC3BAA007F9E4E /* CreateOrderRouter.swift in Sources */,
				B101622D21FECC1D009A2AD3 /* ListOrdersRouter.swift in Sources */,
				B10FFA9021FC3BAA007F9E4E /* CreateOrderInteractor.swift in Sources */,
				B101622B21FECC1D009A2AD3 /* ListOrdersPresenter.swift in Sources */,
			);
			runOnlyForDeploymentPostprocessing = 0;
		};
		B12FC930217D876000654829 /* Sources */ = {
			isa = PBXSourcesBuildPhase;
			buildActionMask = 2147483647;
			files = (
				B12FC939217D876000654829 /* CleanStoreTests.swift in Sources */,
			);
			runOnlyForDeploymentPostprocessing = 0;
		};
/* End PBXSourcesBuildPhase section */

/* Begin PBXTargetDependency section */
		B12FC936217D876000654829 /* PBXTargetDependency */ = {
			isa = PBXTargetDependency;
			target = B12FC91F217D875E00654829 /* CleanStore */;
			targetProxy = B12FC935217D876000654829 /* PBXContainerItemProxy */;
		};
/* End PBXTargetDependency section */

/* Begin PBXVariantGroup section */
		B12FC92C217D876000654829 /* LaunchScreen.storyboard */ = {
			isa = PBXVariantGroup;
			children = (
				B12FC92D217D876000654829 /* Base */,
			);
			name = LaunchScreen.storyboard;
			sourceTree = "<group>";
		};
/* End PBXVariantGroup section */

/* Begin XCBuildConfiguration section */
		B12FC93B217D876000654829 /* Debug */ = {
			isa = XCBuildConfiguration;
			buildSettings = {
				ALWAYS_SEARCH_USER_PATHS = NO;
				CLANG_ANALYZER_NONNULL = YES;
				CLANG_ANALYZER_NUMBER_OBJECT_CONVERSION = YES_AGGRESSIVE;
				CLANG_CXX_LANGUAGE_STANDARD = "gnu++14";
				CLANG_CXX_LIBRARY = "libc++";
				CLANG_ENABLE_MODULES = YES;
				CLANG_ENABLE_OBJC_ARC = YES;
				CLANG_ENABLE_OBJC_WEAK = YES;
				CLANG_WARN_BLOCK_CAPTURE_AUTORELEASING = YES;
				CLANG_WARN_BOOL_CONVERSION = YES;
				CLANG_WARN_COMMA = YES;
				CLANG_WARN_CONSTANT_CONVERSION = YES;
				CLANG_WARN_DEPRECATED_OBJC_IMPLEMENTATIONS = YES;
				CLANG_WARN_DIRECT_OBJC_ISA_USAGE = YES_ERROR;
				CLANG_WARN_DOCUMENTATION_COMMENTS = YES;
				CLANG_WARN_EMPTY_BODY = YES;
				CLANG_WARN_ENUM_CONVERSION = YES;
				CLANG_WARN_INFINITE_RECURSION = YES;
				CLANG_WARN_INT_CONVERSION = YES;
				CLANG_WARN_NON_LITERAL_NULL_CONVERSION = YES;
				CLANG_WARN_OBJC_IMPLICIT_RETAIN_SELF = YES;
				CLANG_WARN_OBJC_LITERAL_CONVERSION = YES;
				CLANG_WARN_OBJC_ROOT_CLASS = YES_ERROR;
				CLANG_WARN_RANGE_LOOP_ANALYSIS = YES;
				CLANG_WARN_STRICT_PROTOTYPES = YES;
				CLANG_WARN_SUSPICIOUS_MOVE = YES;
				CLANG_WARN_UNGUARDED_AVAILABILITY = YES_AGGRESSIVE;
				CLANG_WARN_UNREACHABLE_CODE = YES;
				CLANG_WARN__DUPLICATE_METHOD_MATCH = YES;
				CODE_SIGN_IDENTITY = "iPhone Developer";
				COPY_PHASE_STRIP = NO;
				DEBUG_INFORMATION_FORMAT = dwarf;
				ENABLE_STRICT_OBJC_MSGSEND = YES;
				ENABLE_TESTABILITY = YES;
				GCC_C_LANGUAGE_STANDARD = gnu11;
				GCC_DYNAMIC_NO_PIC = NO;
				GCC_NO_COMMON_BLOCKS = YES;
				GCC_OPTIMIZATION_LEVEL = 0;
				GCC_PREPROCESSOR_DEFINITIONS = (
					"DEBUG=1",
					"$(inherited)",
				);
				GCC_WARN_64_TO_32_BIT_CONVERSION = YES;
				GCC_WARN_ABOUT_RETURN_TYPE = YES_ERROR;
				GCC_WARN_UNDECLARED_SELECTOR = YES;
				GCC_WARN_UNINITIALIZED_AUTOS = YES_AGGRESSIVE;
				GCC_WARN_UNUSED_FUNCTION = YES;
				GCC_WARN_UNUSED_VARIABLE = YES;
				IPHONEOS_DEPLOYMENT_TARGET = 12.0;
				MTL_ENABLE_DEBUG_INFO = INCLUDE_SOURCE;
				MTL_FAST_MATH = YES;
				ONLY_ACTIVE_ARCH = YES;
				SDKROOT = iphoneos;
				SWIFT_ACTIVE_COMPILATION_CONDITIONS = DEBUG;
				SWIFT_OPTIMIZATION_LEVEL = "-Onone";
			};
			name = Debug;
		};
		B12FC93C217D876000654829 /* Release */ = {
			isa = XCBuildConfiguration;
			buildSettings = {
				ALWAYS_SEARCH_USER_PATHS = NO;
				CLANG_ANALYZER_NONNULL = YES;
				CLANG_ANALYZER_NUMBER_OBJECT_CONVERSION = YES_AGGRESSIVE;
				CLANG_CXX_LANGUAGE_STANDARD = "gnu++14";
				CLANG_CXX_LIBRARY = "libc++";
				CLANG_ENABLE_MODULES = YES;
				CLANG_ENABLE_OBJC_ARC = YES;
				CLANG_ENABLE_OBJC_WEAK = YES;
				CLANG_WARN_BLOCK_CAPTURE_AUTORELEASING = YES;
				CLANG_WARN_BOOL_CONVERSION = YES;
				CLANG_WARN_COMMA = YES;
				CLANG_WARN_CONSTANT_CONVERSION = YES;
				CLANG_WARN_DEPRECATED_OBJC_IMPLEMENTATIONS = YES;
				CLANG_WARN_DIRECT_OBJC_ISA_USAGE = YES_ERROR;
				CLANG_WARN_DOCUMENTATION_COMMENTS = YES;
				CLANG_WARN_EMPTY_BODY = YES;
				CLANG_WARN_ENUM_CONVERSION = YES;
				CLANG_WARN_INFINITE_RECURSION = YES;
				CLANG_WARN_INT_CONVERSION = YES;
				CLANG_WARN_NON_LITERAL_NULL_CONVERSION = YES;
				CLANG_WARN_OBJC_IMPLICIT_RETAIN_SELF = YES;
				CLANG_WARN_OBJC_LITERAL_CONVERSION = YES;
				CLANG_WARN_OBJC_ROOT_CLASS = YES_ERROR;
				CLANG_WARN_RANGE_LOOP_ANALYSIS = YES;
				CLANG_WARN_STRICT_PROTOTYPES = YES;
				CLANG_WARN_SUSPICIOUS_MOVE = YES;
				CLANG_WARN_UNGUARDED_AVAILABILITY = YES_AGGRESSIVE;
				CLANG_WARN_UNREACHABLE_CODE = YES;
				CLANG_WARN__DUPLICATE_METHOD_MATCH = YES;
				CODE_SIGN_IDENTITY = "iPhone Developer";
				COPY_PHASE_STRIP = NO;
				DEBUG_INFORMATION_FORMAT = "dwarf-with-dsym";
				ENABLE_NS_ASSERTIONS = NO;
				ENABLE_STRICT_OBJC_MSGSEND = YES;
				GCC_C_LANGUAGE_STANDARD = gnu11;
				GCC_NO_COMMON_BLOCKS = YES;
				GCC_WARN_64_TO_32_BIT_CONVERSION = YES;
				GCC_WARN_ABOUT_RETURN_TYPE = YES_ERROR;
				GCC_WARN_UNDECLARED_SELECTOR = YES;
				GCC_WARN_UNINITIALIZED_AUTOS = YES_AGGRESSIVE;
				GCC_WARN_UNUSED_FUNCTION = YES;
				GCC_WARN_UNUSED_VARIABLE = YES;
				IPHONEOS_DEPLOYMENT_TARGET = 12.0;
				MTL_ENABLE_DEBUG_INFO = NO;
				MTL_FAST_MATH = YES;
				SDKROOT = iphoneos;
				SWIFT_COMPILATION_MODE = wholemodule;
				SWIFT_OPTIMIZATION_LEVEL = "-O";
				VALIDATE_PRODUCT = YES;
			};
			name = Release;
		};
		B12FC93E217D876000654829 /* Debug */ = {
			isa = XCBuildConfiguration;
			buildSettings = {
				ASSETCATALOG_COMPILER_APPICON_NAME = AppIcon;
				CODE_SIGN_STYLE = Automatic;
				DEVELOPMENT_TEAM = 22C8425JJ9;
				INFOPLIST_FILE = "$(SRCROOT)/CleanStore/Supporting Files/Info.plist";
				LD_RUNPATH_SEARCH_PATHS = (
					"$(inherited)",
					"@executable_path/Frameworks",
				);
				PRODUCT_BUNDLE_IDENTIFIER = com.yingzhengma.CleanStore;
				PRODUCT_NAME = "$(TARGET_NAME)";
				SWIFT_VERSION = 4.2;
				TARGETED_DEVICE_FAMILY = 1;
			};
			name = Debug;
		};
		B12FC93F217D876000654829 /* Release */ = {
			isa = XCBuildConfiguration;
			buildSettings = {
				ASSETCATALOG_COMPILER_APPICON_NAME = AppIcon;
				CODE_SIGN_STYLE = Automatic;
				DEVELOPMENT_TEAM = 22C8425JJ9;
				INFOPLIST_FILE = "$(SRCROOT)/CleanStore/Supporting Files/Info.plist";
				LD_RUNPATH_SEARCH_PATHS = (
					"$(inherited)",
					"@executable_path/Frameworks",
				);
				PRODUCT_BUNDLE_IDENTIFIER = com.yingzhengma.CleanStore;
				PRODUCT_NAME = "$(TARGET_NAME)";
				SWIFT_VERSION = 4.2;
				TARGETED_DEVICE_FAMILY = 1;
			};
			name = Release;
		};
		B12FC941217D876000654829 /* Debug */ = {
			isa = XCBuildConfiguration;
			buildSettings = {
				ALWAYS_EMBED_SWIFT_STANDARD_LIBRARIES = YES;
				BUNDLE_LOADER = "$(TEST_HOST)";
				CODE_SIGN_STYLE = Automatic;
				DEVELOPMENT_TEAM = 22C8425JJ9;
				INFOPLIST_FILE = CleanStoreTests/Info.plist;
				LD_RUNPATH_SEARCH_PATHS = (
					"$(inherited)",
					"@executable_path/Frameworks",
					"@loader_path/Frameworks",
				);
				PRODUCT_BUNDLE_IDENTIFIER = com.yingzhengma.CleanStoreTests;
				PRODUCT_NAME = "$(TARGET_NAME)";
				SWIFT_VERSION = 4.2;
				TARGETED_DEVICE_FAMILY = "1,2";
				TEST_HOST = "$(BUILT_PRODUCTS_DIR)/CleanStore.app/CleanStore";
			};
			name = Debug;
		};
		B12FC942217D876000654829 /* Release */ = {
			isa = XCBuildConfiguration;
			buildSettings = {
				ALWAYS_EMBED_SWIFT_STANDARD_LIBRARIES = YES;
				BUNDLE_LOADER = "$(TEST_HOST)";
				CODE_SIGN_STYLE = Automatic;
				DEVELOPMENT_TEAM = 22C8425JJ9;
				INFOPLIST_FILE = CleanStoreTests/Info.plist;
				LD_RUNPATH_SEARCH_PATHS = (
					"$(inherited)",
					"@executable_path/Frameworks",
					"@loader_path/Frameworks",
				);
				PRODUCT_BUNDLE_IDENTIFIER = com.yingzhengma.CleanStoreTests;
				PRODUCT_NAME = "$(TARGET_NAME)";
				SWIFT_VERSION = 4.2;
				TARGETED_DEVICE_FAMILY = "1,2";
				TEST_HOST = "$(BUILT_PRODUCTS_DIR)/CleanStore.app/CleanStore";
			};
			name = Release;
		};
/* End XCBuildConfiguration section */

/* Begin XCConfigurationList section */
		B12FC91B217D875E00654829 /* Build configuration list for PBXProject "CleanStore" */ = {
			isa = XCConfigurationList;
			buildConfigurations = (
				B12FC93B217D876000654829 /* Debug */,
				B12FC93C217D876000654829 /* Release */,
			);
			defaultConfigurationIsVisible = 0;
			defaultConfigurationName = Release;
		};
		B12FC93D217D876000654829 /* Build configuration list for PBXNativeTarget "CleanStore" */ = {
			isa = XCConfigurationList;
			buildConfigurations = (
				B12FC93E217D876000654829 /* Debug */,
				B12FC93F217D876000654829 /* Release */,
			);
			defaultConfigurationIsVisible = 0;
			defaultConfigurationName = Release;
		};
		B12FC940217D876000654829 /* Build configuration list for PBXNativeTarget "CleanStoreTests" */ = {
			isa = XCConfigurationList;
			buildConfigurations = (
				B12FC941217D876000654829 /* Debug */,
				B12FC942217D876000654829 /* Release */,
			);
			defaultConfigurationIsVisible = 0;
			defaultConfigurationName = Release;
		};
/* End XCConfigurationList section */
	};
	rootObject = B12FC918217D875E00654829 /* Project object */;
}
